{
  "lockfileVersion": 1,
  "workspaces": {
    "": {
      "name": "shared",
      "dependencies": {
        "octokit": "^4.1.2",
        "zod": "^3.24.2",
      },
      "devDependencies": {
        "@types/bun": "latest",
      },
      "peerDependencies": {
        "typescript": "^5",
      },
    },
  },
  "packages": {
    "@octokit/app": ["@octokit/app@15.1.5", "", { "dependencies": { "@octokit/auth-app": "^7.1.5", "@octokit/auth-unauthenticated": "^6.1.2", "@octokit/core": "^6.1.4", "@octokit/oauth-app": "^7.1.6", "@octokit/plugin-paginate-rest": "^11.4.2", "@octokit/types": "^13.8.0", "@octokit/webhooks": "^13.6.1" } }, "sha512-6cxLT9U8x7GGQ7lNWsKtFr4ccg9oLkGvowk373sX9HvX5U37kql5d55SzaQUxPE8PwgX2cqkzDm5NF5aPKevqg=="],

    "@octokit/auth-app": ["@octokit/auth-app@7.2.1", "", { "dependencies": { "@octokit/auth-oauth-app": "^8.1.4", "@octokit/auth-oauth-user": "^5.1.4", "@octokit/request": "^9.2.3", "@octokit/request-error": "^6.1.8", "@octokit/types": "^14.0.0", "toad-cache": "^3.7.0", "universal-github-app-jwt": "^2.2.0", "universal-user-agent": "^7.0.0" } }, "sha512-4jaopCVOtWN0V8qCx/1s2pkRqC6tcvIQM3kFB99eIpsP53GfsoIKO08D94b83n/V3iGihHmxWR2lXzE0NicUGg=="],

    "@octokit/auth-oauth-app": ["@octokit/auth-oauth-app@8.1.4", "", { "dependencies": { "@octokit/auth-oauth-device": "^7.1.5", "@octokit/auth-oauth-user": "^5.1.4", "@octokit/request": "^9.2.3", "@octokit/types": "^14.0.0", "universal-user-agent": "^7.0.0" } }, "sha512-71iBa5SflSXcclk/OL3lJzdt4iFs56OJdpBGEBl1wULp7C58uiswZLV6TdRaiAzHP1LT8ezpbHlKuxADb+4NkQ=="],

    "@octokit/auth-oauth-device": ["@octokit/auth-oauth-device@7.1.5", "", { "dependencies": { "@octokit/oauth-methods": "^5.1.5", "@octokit/request": "^9.2.3", "@octokit/types": "^14.0.0", "universal-user-agent": "^7.0.0" } }, "sha512-lR00+k7+N6xeECj0JuXeULQ2TSBB/zjTAmNF2+vyGPDEFx1dgk1hTDmL13MjbSmzusuAmuJD8Pu39rjp9jH6yw=="],

    "@octokit/auth-oauth-user": ["@octokit/auth-oauth-user@5.1.4", "", { "dependencies": { "@octokit/auth-oauth-device": "^7.1.5", "@octokit/oauth-methods": "^5.1.5", "@octokit/request": "^9.2.3", "@octokit/types": "^14.0.0", "universal-user-agent": "^7.0.0" } }, "sha512-4tJRofMHm6ZCd3O2PVgboBbQ/lNtacREeaihet0+wCATZmvPK+jjg2K6NjBfY69An3yzQdmkcMeiaOOoxOPr7Q=="],

    "@octokit/auth-token": ["@octokit/auth-token@5.1.2", "", {}, "sha512-JcQDsBdg49Yky2w2ld20IHAlwr8d/d8N6NiOXbtuoPCqzbsiJgF633mVUw3x4mo0H5ypataQIX7SFu3yy44Mpw=="],

    "@octokit/auth-unauthenticated": ["@octokit/auth-unauthenticated@6.1.3", "", { "dependencies": { "@octokit/request-error": "^6.1.8", "@octokit/types": "^14.0.0" } }, "sha512-d5gWJla3WdSl1yjbfMpET+hUSFCE15qM0KVSB0H1shyuJihf/RL1KqWoZMIaonHvlNojkL9XtLFp8QeLe+1iwA=="],

    "@octokit/core": ["@octokit/core@6.1.5", "", { "dependencies": { "@octokit/auth-token": "^5.0.0", "@octokit/graphql": "^8.2.2", "@octokit/request": "^9.2.3", "@octokit/request-error": "^6.1.8", "@octokit/types": "^14.0.0", "before-after-hook": "^3.0.2", "universal-user-agent": "^7.0.0" } }, "sha512-vvmsN0r7rguA+FySiCsbaTTobSftpIDIpPW81trAmsv9TGxg3YCujAxRYp/Uy8xmDgYCzzgulG62H7KYUFmeIg=="],

    "@octokit/endpoint": ["@octokit/endpoint@10.1.4", "", { "dependencies": { "@octokit/types": "^14.0.0", "universal-user-agent": "^7.0.2" } }, "sha512-OlYOlZIsfEVZm5HCSR8aSg02T2lbUWOsCQoPKfTXJwDzcHQBrVBGdGXb89dv2Kw2ToZaRtudp8O3ZIYoaOjKlA=="],

    "@octokit/graphql": ["@octokit/graphql@8.2.2", "", { "dependencies": { "@octokit/request": "^9.2.3", "@octokit/types": "^14.0.0", "universal-user-agent": "^7.0.0" } }, "sha512-Yi8hcoqsrXGdt0yObxbebHXFOiUA+2v3n53epuOg1QUgOB6c4XzvisBNVXJSl8RYA5KrDuSL2yq9Qmqe5N0ryA=="],

    "@octokit/oauth-app": ["@octokit/oauth-app@7.1.6", "", { "dependencies": { "@octokit/auth-oauth-app": "^8.1.3", "@octokit/auth-oauth-user": "^5.1.3", "@octokit/auth-unauthenticated": "^6.1.2", "@octokit/core": "^6.1.4", "@octokit/oauth-authorization-url": "^7.1.1", "@octokit/oauth-methods": "^5.1.4", "@types/aws-lambda": "^8.10.83", "universal-user-agent": "^7.0.0" } }, "sha512-OMcMzY2WFARg80oJNFwWbY51TBUfLH4JGTy119cqiDawSFXSIBujxmpXiKbGWQlvfn0CxE6f7/+c6+Kr5hI2YA=="],

    "@octokit/oauth-authorization-url": ["@octokit/oauth-authorization-url@7.1.1", "", {}, "sha512-ooXV8GBSabSWyhLUowlMIVd9l1s2nsOGQdlP2SQ4LnkEsGXzeCvbSbCPdZThXhEFzleGPwbapT0Sb+YhXRyjCA=="],

    "@octokit/oauth-methods": ["@octokit/oauth-methods@5.1.5", "", { "dependencies": { "@octokit/oauth-authorization-url": "^7.0.0", "@octokit/request": "^9.2.3", "@octokit/request-error": "^6.1.8", "@octokit/types": "^14.0.0" } }, "sha512-Ev7K8bkYrYLhoOSZGVAGsLEscZQyq7XQONCBBAl2JdMg7IT3PQn/y8P0KjloPoYpI5UylqYrLeUcScaYWXwDvw=="],

    "@octokit/openapi-types": ["@octokit/openapi-types@24.2.0", "", {}, "sha512-9sIH3nSUttelJSXUrmGzl7QUBFul0/mB8HRYl3fOlgHbIWG+WnYDXU3v/2zMtAvuzZ/ed00Ei6on975FhBfzrg=="],

    "@octokit/openapi-webhooks-types": ["@octokit/openapi-webhooks-types@10.4.0", "", {}, "sha512-HMiF7FUiVBYfp8pPijMTkWuPELQB6XkPftrnSuK1C1YXaaq2+0ganiQkorEQfXTmhtwlgHJwXT6P8miVhIyjQA=="],

    "@octokit/plugin-paginate-graphql": ["@octokit/plugin-paginate-graphql@5.2.4", "", { "peerDependencies": { "@octokit/core": ">=6" } }, "sha512-pLZES1jWaOynXKHOqdnwZ5ULeVR6tVVCMm+AUbp0htdcyXDU95WbkYdU4R2ej1wKj5Tu94Mee2Ne0PjPO9cCyA=="],

    "@octokit/plugin-paginate-rest": ["@octokit/plugin-paginate-rest@11.6.0", "", { "dependencies": { "@octokit/types": "^13.10.0" }, "peerDependencies": { "@octokit/core": ">=6" } }, "sha512-n5KPteiF7pWKgBIBJSk8qzoZWcUkza2O6A0za97pMGVrGfPdltxrfmfF5GucHYvHGZD8BdaZmmHGz5cX/3gdpw=="],

    "@octokit/plugin-rest-endpoint-methods": ["@octokit/plugin-rest-endpoint-methods@13.5.0", "", { "dependencies": { "@octokit/types": "^13.10.0" }, "peerDependencies": { "@octokit/core": ">=6" } }, "sha512-9Pas60Iv9ejO3WlAX3maE1+38c5nqbJXV5GrncEfkndIpZrJ/WPMRd2xYDcPPEt5yzpxcjw9fWNoPhsSGzqKqw=="],

    "@octokit/plugin-retry": ["@octokit/plugin-retry@7.2.1", "", { "dependencies": { "@octokit/request-error": "^6.1.8", "@octokit/types": "^14.0.0", "bottleneck": "^2.15.3" }, "peerDependencies": { "@octokit/core": ">=6" } }, "sha512-wUc3gv0D6vNHpGxSaR3FlqJpTXGWgqmk607N9L3LvPL4QjaxDgX/1nY2mGpT37Khn+nlIXdljczkRnNdTTV3/A=="],

    "@octokit/plugin-throttling": ["@octokit/plugin-throttling@9.6.1", "", { "dependencies": { "@octokit/types": "^13.7.0", "bottleneck": "^2.15.3" }, "peerDependencies": { "@octokit/core": "^6.1.3" } }, "sha512-bt3EBUkeKUzDQXRCcFrR9SWVqlLFRRqcCrr6uAorWt6NXTyjMKqcGrFmXqJy9NCbnKgiIZ2OXWq04theFc76Jg=="],

    "@octokit/request": ["@octokit/request@9.2.3", "", { "dependencies": { "@octokit/endpoint": "^10.1.4", "@octokit/request-error": "^6.1.8", "@octokit/types": "^14.0.0", "fast-content-type-parse": "^2.0.0", "universal-user-agent": "^7.0.2" } }, "sha512-Ma+pZU8PXLOEYzsWf0cn/gY+ME57Wq8f49WTXA8FMHp2Ps9djKw//xYJ1je8Hm0pR2lU9FUGeJRWOtxq6olt4w=="],

    "@octokit/request-error": ["@octokit/request-error@6.1.8", "", { "dependencies": { "@octokit/types": "^14.0.0" } }, "sha512-WEi/R0Jmq+IJKydWlKDmryPcmdYSVjL3ekaiEL1L9eo1sUnqMJ+grqmC9cjk7CA7+b2/T397tO5d8YLOH3qYpQ=="],

    "@octokit/types": ["@octokit/types@13.10.0", "", { "dependencies": { "@octokit/openapi-types": "^24.2.0" } }, "sha512-ifLaO34EbbPj0Xgro4G5lP5asESjwHracYJvVaPIyXMuiuXLlhic3S47cBdTb+jfODkTE5YtGCLt3Ay3+J97sA=="],

    "@octokit/webhooks": ["@octokit/webhooks@13.8.0", "", { "dependencies": { "@octokit/openapi-webhooks-types": "10.4.0", "@octokit/request-error": "^6.1.7", "@octokit/webhooks-methods": "^5.1.1" } }, "sha512-3PCWyFBNbW2+Ox36VAkSqlPoIb96NZiPcICRYySHZrDTM2NuNxvrjPeaQDj2egqILs9EZFObRTHVMe4XxXJV7w=="],

    "@octokit/webhooks-methods": ["@octokit/webhooks-methods@5.1.1", "", {}, "sha512-NGlEHZDseJTCj8TMMFehzwa9g7On4KJMPVHDSrHxCQumL6uSQR8wIkP/qesv52fXqV1BPf4pTxwtS31ldAt9Xg=="],

    "@types/aws-lambda": ["@types/aws-lambda@8.10.149", "", {}, "sha512-NXSZIhfJjnXqJgtS7IwutqIF/SOy1Wz5Px4gUY1RWITp3AYTyuJS4xaXr/bIJY1v15XMzrJ5soGnPM+7uigZjA=="],

    "@types/bun": ["@types/bun@1.2.9", "", { "dependencies": { "bun-types": "1.2.9" } }, "sha512-epShhLGQYc4Bv/aceHbmBhOz1XgUnuTZgcxjxk+WXwNyDXavv5QHD1QEFV0FwbTSQtNq6g4ZcV6y0vZakTjswg=="],

    "@types/node": ["@types/node@22.14.0", "", { "dependencies": { "undici-types": "~6.21.0" } }, "sha512-Kmpl+z84ILoG+3T/zQFyAJsU6EPTmOCj8/2+83fSN6djd6I4o7uOuGIH6vq3PrjY5BGitSbFuMN18j3iknubbA=="],

    "@types/ws": ["@types/ws@8.18.1", "", { "dependencies": { "@types/node": "*" } }, "sha512-ThVF6DCVhA8kUGy+aazFQ4kXQ7E1Ty7A3ypFOe0IcJV8O/M511G99AW24irKrW56Wt44yG9+ij8FaqoBGkuBXg=="],

    "before-after-hook": ["before-after-hook@3.0.2", "", {}, "sha512-Nik3Sc0ncrMK4UUdXQmAnRtzmNQTAAXmXIopizwZ1W1t8QmfJj+zL4OA2I7XPTPW5z5TDqv4hRo/JzouDJnX3A=="],

    "bottleneck": ["bottleneck@2.19.5", "", {}, "sha512-VHiNCbI1lKdl44tGrhNfU3lup0Tj/ZBMJB5/2ZbNXRCPuRCO7ed2mgcK4r17y+KB2EfuYuRaVlwNbAeaWGSpbw=="],

    "bun-types": ["bun-types@1.2.9", "", { "dependencies": { "@types/node": "*", "@types/ws": "*" } }, "sha512-dk/kOEfQbajENN/D6FyiSgOKEuUi9PWfqKQJEgwKrCMWbjS/S6tEXp178mWvWAcUSYm9ArDlWHZKO3T/4cLXiw=="],

    "fast-content-type-parse": ["fast-content-type-parse@2.0.1", "", {}, "sha512-nGqtvLrj5w0naR6tDPfB4cUmYCqouzyQiz6C5y/LtcDllJdrcc6WaWW6iXyIIOErTa/XRybj28aasdn4LkVk6Q=="],

    "octokit": ["octokit@4.1.2", "", { "dependencies": { "@octokit/app": "^15.1.4", "@octokit/core": "^6.1.4", "@octokit/oauth-app": "^7.1.6", "@octokit/plugin-paginate-graphql": "^5.2.4", "@octokit/plugin-paginate-rest": "^11.4.2", "@octokit/plugin-rest-endpoint-methods": "^13.3.1", "@octokit/plugin-retry": "^7.1.4", "@octokit/plugin-throttling": "^9.4.0", "@octokit/request-error": "^6.1.7", "@octokit/types": "^13.7.0" } }, "sha512-0kcTxJOK3yQrJsRb8wKa28hlTze4QOz4sLuUnfXXnhboDhFKgv8LxS86tFwbsafDW9JZ08ByuVAE8kQbYJIZkA=="],

    "toad-cache": ["toad-cache@3.7.0", "", {}, "sha512-/m8M+2BJUpoJdgAHoG+baCwBT+tf2VraSfkBgl0Y00qIWt41DJ8R5B8nsEw0I58YwF5IZH6z24/2TobDKnqSWw=="],

    "typescript": ["typescript@5.8.3", "", { "bin": { "tsc": "bin/tsc", "tsserver": "bin/tsserver" } }, "sha512-p1diW6TqL9L07nNxvRMM7hMMw4c5XOo/1ibL4aAIGmSAt9slTE1Xgw5KWuof2uTOvCg9BY7ZRi+GaF+7sfgPeQ=="],

    "undici-types": ["undici-types@6.21.0", "", {}, "sha512-iwDZqg0QAGrg9Rav5H4n0M64c3mkR59cJ6wQp+7C4nI0gsmExaedaYLNO44eT4AtBBwjbTiGPMlt2Md0T9H9JQ=="],

    "universal-github-app-jwt": ["universal-github-app-jwt@2.2.2", "", {}, "sha512-dcmbeSrOdTnsjGjUfAlqNDJrhxXizjAz94ija9Qw8YkZ1uu0d+GoZzyH+Jb9tIIqvGsadUfwg+22k5aDqqwzbw=="],

    "universal-user-agent": ["universal-user-agent@7.0.2", "", {}, "sha512-0JCqzSKnStlRRQfCdowvqy3cy0Dvtlb8xecj/H8JFZuCze4rwjPZQOgvFvn0Ws/usCHQFGpyr+pB9adaGwXn4Q=="],

    "zod": ["zod@3.24.2", "", {}, "sha512-lY7CDW43ECgW9u1TcT3IoXHflywfVqDYze4waEz812jR/bZ8FHDsl7pFQoSZTz5N+2NqRXs8GBwnAwo3ZNxqhQ=="],

    "@octokit/auth-app/@octokit/types": ["@octokit/types@14.0.0", "", { "dependencies": { "@octokit/openapi-types": "^25.0.0" } }, "sha512-VVmZP0lEhbo2O1pdq63gZFiGCKkm8PPp8AUOijlwPO6hojEVjspA0MWKP7E4hbvGxzFKNqKr6p0IYtOH/Wf/zA=="],

    "@octokit/auth-oauth-app/@octokit/types": ["@octokit/types@14.0.0", "", { "dependencies": { "@octokit/openapi-types": "^25.0.0" } }, "sha512-VVmZP0lEhbo2O1pdq63gZFiGCKkm8PPp8AUOijlwPO6hojEVjspA0MWKP7E4hbvGxzFKNqKr6p0IYtOH/Wf/zA=="],

    "@octokit/auth-oauth-device/@octokit/types": ["@octokit/types@14.0.0", "", { "dependencies": { "@octokit/openapi-types": "^25.0.0" } }, "sha512-VVmZP0lEhbo2O1pdq63gZFiGCKkm8PPp8AUOijlwPO6hojEVjspA0MWKP7E4hbvGxzFKNqKr6p0IYtOH/Wf/zA=="],

    "@octokit/auth-oauth-user/@octokit/types": ["@octokit/types@14.0.0", "", { "dependencies": { "@octokit/openapi-types": "^25.0.0" } }, "sha512-VVmZP0lEhbo2O1pdq63gZFiGCKkm8PPp8AUOijlwPO6hojEVjspA0MWKP7E4hbvGxzFKNqKr6p0IYtOH/Wf/zA=="],

    "@octokit/auth-unauthenticated/@octokit/types": ["@octokit/types@14.0.0", "", { "dependencies": { "@octokit/openapi-types": "^25.0.0" } }, "sha512-VVmZP0lEhbo2O1pdq63gZFiGCKkm8PPp8AUOijlwPO6hojEVjspA0MWKP7E4hbvGxzFKNqKr6p0IYtOH/Wf/zA=="],

    "@octokit/core/@octokit/types": ["@octokit/types@14.0.0", "", { "dependencies": { "@octokit/openapi-types": "^25.0.0" } }, "sha512-VVmZP0lEhbo2O1pdq63gZFiGCKkm8PPp8AUOijlwPO6hojEVjspA0MWKP7E4hbvGxzFKNqKr6p0IYtOH/Wf/zA=="],

    "@octokit/endpoint/@octokit/types": ["@octokit/types@14.0.0", "", { "dependencies": { "@octokit/openapi-types": "^25.0.0" } }, "sha512-VVmZP0lEhbo2O1pdq63gZFiGCKkm8PPp8AUOijlwPO6hojEVjspA0MWKP7E4hbvGxzFKNqKr6p0IYtOH/Wf/zA=="],

    "@octokit/graphql/@octokit/types": ["@octokit/types@14.0.0", "", { "dependencies": { "@octokit/openapi-types": "^25.0.0" } }, "sha512-VVmZP0lEhbo2O1pdq63gZFiGCKkm8PPp8AUOijlwPO6hojEVjspA0MWKP7E4hbvGxzFKNqKr6p0IYtOH/Wf/zA=="],

    "@octokit/oauth-methods/@octokit/types": ["@octokit/types@14.0.0", "", { "dependencies": { "@octokit/openapi-types": "^25.0.0" } }, "sha512-VVmZP0lEhbo2O1pdq63gZFiGCKkm8PPp8AUOijlwPO6hojEVjspA0MWKP7E4hbvGxzFKNqKr6p0IYtOH/Wf/zA=="],

    "@octokit/plugin-retry/@octokit/types": ["@octokit/types@14.0.0", "", { "dependencies": { "@octokit/openapi-types": "^25.0.0" } }, "sha512-VVmZP0lEhbo2O1pdq63gZFiGCKkm8PPp8AUOijlwPO6hojEVjspA0MWKP7E4hbvGxzFKNqKr6p0IYtOH/Wf/zA=="],

    "@octokit/request/@octokit/types": ["@octokit/types@14.0.0", "", { "dependencies": { "@octokit/openapi-types": "^25.0.0" } }, "sha512-VVmZP0lEhbo2O1pdq63gZFiGCKkm8PPp8AUOijlwPO6hojEVjspA0MWKP7E4hbvGxzFKNqKr6p0IYtOH/Wf/zA=="],

    "@octokit/request-error/@octokit/types": ["@octokit/types@14.0.0", "", { "dependencies": { "@octokit/openapi-types": "^25.0.0" } }, "sha512-VVmZP0lEhbo2O1pdq63gZFiGCKkm8PPp8AUOijlwPO6hojEVjspA0MWKP7E4hbvGxzFKNqKr6p0IYtOH/Wf/zA=="],

    "@octokit/auth-app/@octokit/types/@octokit/openapi-types": ["@octokit/openapi-types@25.0.0", "", {}, "sha512-FZvktFu7HfOIJf2BScLKIEYjDsw6RKc7rBJCdvCTfKsVnx2GEB/Nbzjr29DUdb7vQhlzS/j8qDzdditP0OC6aw=="],

    "@octokit/auth-oauth-app/@octokit/types/@octokit/openapi-types": ["@octokit/openapi-types@25.0.0", "", {}, "sha512-FZvktFu7HfOIJf2BScLKIEYjDsw6RKc7rBJCdvCTfKsVnx2GEB/Nbzjr29DUdb7vQhlzS/j8qDzdditP0OC6aw=="],

    "@octokit/auth-oauth-device/@octokit/types/@octokit/openapi-types": ["@octokit/openapi-types@25.0.0", "", {}, "sha512-FZvktFu7HfOIJf2BScLKIEYjDsw6RKc7rBJCdvCTfKsVnx2GEB/Nbzjr29DUdb7vQhlzS/j8qDzdditP0OC6aw=="],

    "@octokit/auth-oauth-user/@octokit/types/@octokit/openapi-types": ["@octokit/openapi-types@25.0.0", "", {}, "sha512-FZvktFu7HfOIJf2BScLKIEYjDsw6RKc7rBJCdvCTfKsVnx2GEB/Nbzjr29DUdb7vQhlzS/j8qDzdditP0OC6aw=="],

    "@octokit/auth-unauthenticated/@octokit/types/@octokit/openapi-types": ["@octokit/openapi-types@25.0.0", "", {}, "sha512-FZvktFu7HfOIJf2BScLKIEYjDsw6RKc7rBJCdvCTfKsVnx2GEB/Nbzjr29DUdb7vQhlzS/j8qDzdditP0OC6aw=="],

    "@octokit/core/@octokit/types/@octokit/openapi-types": ["@octokit/openapi-types@25.0.0", "", {}, "sha512-FZvktFu7HfOIJf2BScLKIEYjDsw6RKc7rBJCdvCTfKsVnx2GEB/Nbzjr29DUdb7vQhlzS/j8qDzdditP0OC6aw=="],

    "@octokit/endpoint/@octokit/types/@octokit/openapi-types": ["@octokit/openapi-types@25.0.0", "", {}, "sha512-FZvktFu7HfOIJf2BScLKIEYjDsw6RKc7rBJCdvCTfKsVnx2GEB/Nbzjr29DUdb7vQhlzS/j8qDzdditP0OC6aw=="],

    "@octokit/graphql/@octokit/types/@octokit/openapi-types": ["@octokit/openapi-types@25.0.0", "", {}, "sha512-FZvktFu7HfOIJf2BScLKIEYjDsw6RKc7rBJCdvCTfKsVnx2GEB/Nbzjr29DUdb7vQhlzS/j8qDzdditP0OC6aw=="],

    "@octokit/oauth-methods/@octokit/types/@octokit/openapi-types": ["@octokit/openapi-types@25.0.0", "", {}, "sha512-FZvktFu7HfOIJf2BScLKIEYjDsw6RKc7rBJCdvCTfKsVnx2GEB/Nbzjr29DUdb7vQhlzS/j8qDzdditP0OC6aw=="],

    "@octokit/plugin-retry/@octokit/types/@octokit/openapi-types": ["@octokit/openapi-types@25.0.0", "", {}, "sha512-FZvktFu7HfOIJf2BScLKIEYjDsw6RKc7rBJCdvCTfKsVnx2GEB/Nbzjr29DUdb7vQhlzS/j8qDzdditP0OC6aw=="],

    "@octokit/request-error/@octokit/types/@octokit/openapi-types": ["@octokit/openapi-types@25.0.0", "", {}, "sha512-FZvktFu7HfOIJf2BScLKIEYjDsw6RKc7rBJCdvCTfKsVnx2GEB/Nbzjr29DUdb7vQhlzS/j8qDzdditP0OC6aw=="],

    "@octokit/request/@octokit/types/@octokit/openapi-types": ["@octokit/openapi-types@25.0.0", "", {}, "sha512-FZvktFu7HfOIJf2BScLKIEYjDsw6RKc7rBJCdvCTfKsVnx2GEB/Nbzjr29DUdb7vQhlzS/j8qDzdditP0OC6aw=="],
  }
}
